
Microsoft Visual Studio Solution File, Format Version 12.00
# Visual Studio Version 17
VisualStudioVersion = 17.8.34525.116
MinimumVisualStudioVersion = 10.0.40219.1
Project("{9A19103F-16F7-4668-BE54-9A1E7A4F7556}") = "Conversion de Tipos", "Conversion de Tipos.csproj", "{2A615100-027F-4BFA-8A1C-D7A9A6189F98}"
EndProject
Project("{9A19103F-16F7-4668-BE54-9A1E7A4F7556}") = "Operaciones con Tipos de Datos", "..\Operaciones con Tipos de Datos\Operaciones con Tipos de Datos.csproj", "{C0631931-D481-400C-8FF4-4703E4491892}"
EndProject
Project("{9A19103F-16F7-4668-BE54-9A1E7A4F7556}") = "Uso de Char y String", "..\Uso de Char y String\Uso de Char y String.csproj", "{188B75CF-1F01-4DBD-A42D-6D59E5063756}"
EndProject
Project("{FAE04EC0-301F-11D3-BF4B-00C04F79EFBC}") = "Uso de Tipos de Datos Numericos", "..\Uso de Tipos de Datos Numericos\Uso de Tipos de Datos Numericos.csproj", "{B59A8009-6662-4EE5-8D3B-3930A360B736}"
EndProject
Global
	GlobalSection(SolutionConfigurationPlatforms) = preSolution
		Debug|Any CPU = Debug|Any CPU
		Release|Any CPU = Release|Any CPU
	EndGlobalSection
	GlobalSection(ProjectConfigurationPlatforms) = postSolution
		{2A615100-027F-4BFA-8A1C-D7A9A6189F98}.Debug|Any CPU.ActiveCfg = Debug|Any CPU
		{2A615100-027F-4BFA-8A1C-D7A9A6189F98}.Debug|Any CPU.Build.0 = Debug|Any CPU
		{2A615100-027F-4BFA-8A1C-D7A9A6189F98}.Release|Any CPU.ActiveCfg = Release|Any CPU
		{2A615100-027F-4BFA-8A1C-D7A9A6189F98}.Release|Any CPU.Build.0 = Release|Any CPU
		{C0631931-D481-400C-8FF4-4703E4491892}.Debug|Any CPU.ActiveCfg = Debug|Any CPU
		{C0631931-D481-400C-8FF4-4703E4491892}.Debug|Any CPU.Build.0 = Debug|Any CPU
		{C0631931-D481-400C-8FF4-4703E4491892}.Release|Any CPU.ActiveCfg = Release|Any CPU
		{C0631931-D481-400C-8FF4-4703E4491892}.Release|Any CPU.Build.0 = Release|Any CPU
		{188B75CF-1F01-4DBD-A42D-6D59E5063756}.Debug|Any CPU.ActiveCfg = Debug|Any CPU
		{188B75CF-1F01-4DBD-A42D-6D59E5063756}.Debug|Any CPU.Build.0 = Debug|Any CPU
		{188B75CF-1F01-4DBD-A42D-6D59E5063756}.Release|Any CPU.ActiveCfg = Release|Any CPU
		{188B75CF-1F01-4DBD-A42D-6D59E5063756}.Release|Any CPU.Build.0 = Release|Any CPU
		{B59A8009-6662-4EE5-8D3B-3930A360B736}.Debug|Any CPU.ActiveCfg = Debug|Any CPU
		{B59A8009-6662-4EE5-8D3B-3930A360B736}.Debug|Any CPU.Build.0 = Debug|Any CPU
		{B59A8009-6662-4EE5-8D3B-3930A360B736}.Release|Any CPU.ActiveCfg = Release|Any CPU
		{B59A8009-6662-4EE5-8D3B-3930A360B736}.Release|Any CPU.Build.0 = Release|Any CPU
	EndGlobalSection
	GlobalSection(SolutionProperties) = preSolution
		HideSolutionNode = FALSE
	EndGlobalSection
	GlobalSection(ExtensibilityGlobals) = postSolution
		SolutionGuid = {6D194001-25BD-4346-865A-76E25C2F09E9}
	EndGlobalSection
EndGlobal
